// !$*UTF8*$!
{
	archiveVersion = 1;
	classes = {
	};
	objectVersion = 46;
	objects = {

/* Begin PBXBuildFile section */
		BF044E091DA8FE2B0070F2BD /* Commandant.framework in CopyFiles */ = {isa = PBXBuildFile; fileRef = BF7875B71DA5B3700009BDA2 /* Commandant.framework */; settings = {ATTRIBUTES = (CodeSignOnCopy, RemoveHeadersOnCopy, ); }; };
		BF044E0A1DA8FE2B0070F2BD /* Result.framework in CopyFiles */ = {isa = PBXBuildFile; fileRef = BF7875B81DA5B3700009BDA2 /* Result.framework */; settings = {ATTRIBUTES = (CodeSignOnCopy, RemoveHeadersOnCopy, ); }; };
		BF044E131DA91A430070F2BD /* Move.swift in Sources */ = {isa = PBXBuildFile; fileRef = BF044E101DA91A430070F2BD /* Move.swift */; };
		BF044E141DA91A430070F2BD /* Rename.swift in Sources */ = {isa = PBXBuildFile; fileRef = BF044E111DA91A430070F2BD /* Rename.swift */; };
		BF044E151DA91A430070F2BD /* Reset.swift in Sources */ = {isa = PBXBuildFile; fileRef = BF044E121DA91A430070F2BD /* Reset.swift */; };
		BF7875A11DA5B2950009BDA2 /* StodoKit.framework in Frameworks */ = {isa = PBXBuildFile; fileRef = BF7875981DA5B2950009BDA2 /* StodoKit.framework */; };
		BF7875AD1DA5B2950009BDA2 /* StodoKit.framework in Frameworks */ = {isa = PBXBuildFile; fileRef = BF7875981DA5B2950009BDA2 /* StodoKit.framework */; };
		BF7875AE1DA5B2950009BDA2 /* StodoKit.framework in Embed Frameworks */ = {isa = PBXBuildFile; fileRef = BF7875981DA5B2950009BDA2 /* StodoKit.framework */; settings = {ATTRIBUTES = (CodeSignOnCopy, RemoveHeadersOnCopy, ); }; };
		BF7875B91DA5B3700009BDA2 /* Commandant.framework in Frameworks */ = {isa = PBXBuildFile; fileRef = BF7875B71DA5B3700009BDA2 /* Commandant.framework */; };
		BF7875BA1DA5B3700009BDA2 /* Result.framework in Frameworks */ = {isa = PBXBuildFile; fileRef = BF7875B81DA5B3700009BDA2 /* Result.framework */; };
		BF7875EF1DA5DFD60009BDA2 /* Add.swift in Sources */ = {isa = PBXBuildFile; fileRef = BF7875E91DA5DFD60009BDA2 /* Add.swift */; };
		BF7875F01DA5DFD60009BDA2 /* Delete.swift in Sources */ = {isa = PBXBuildFile; fileRef = BF7875EA1DA5DFD60009BDA2 /* Delete.swift */; };
		BF7875F11DA5DFD60009BDA2 /* Done.swift in Sources */ = {isa = PBXBuildFile; fileRef = BF7875EB1DA5DFD60009BDA2 /* Done.swift */; };
		BF7875F21DA5DFD60009BDA2 /* List.swift in Sources */ = {isa = PBXBuildFile; fileRef = BF7875EC1DA5DFD60009BDA2 /* List.swift */; };
		BF7875F31DA5DFD60009BDA2 /* Undone.swift in Sources */ = {isa = PBXBuildFile; fileRef = BF7875ED1DA5DFD60009BDA2 /* Undone.swift */; };
		BF7875F41DA5DFD60009BDA2 /* Version.swift in Sources */ = {isa = PBXBuildFile; fileRef = BF7875EE1DA5DFD60009BDA2 /* Version.swift */; };
		BF7875F91DA5DFDF0009BDA2 /* Components.plist in Resources */ = {isa = PBXBuildFile; fileRef = BF7875F51DA5DFDF0009BDA2 /* Components.plist */; };
		BF7875FC1DA5DFDF0009BDA2 /* main.swift in Sources */ = {isa = PBXBuildFile; fileRef = BF7875F81DA5DFDF0009BDA2 /* main.swift */; };
		BF7876021DA5DFF30009BDA2 /* FileType.swift in Sources */ = {isa = PBXBuildFile; fileRef = BF7875FD1DA5DFF30009BDA2 /* FileType.swift */; };
		BF7876041DA5DFF30009BDA2 /* KeyedArchiver.swift in Sources */ = {isa = PBXBuildFile; fileRef = BF7875FF1DA5DFF30009BDA2 /* KeyedArchiver.swift */; };
		BF7876051DA5DFF30009BDA2 /* Stodo.swift in Sources */ = {isa = PBXBuildFile; fileRef = BF7876001DA5DFF30009BDA2 /* Stodo.swift */; };
		BF78760A1DA5DFFF0009BDA2 /* StodoKitTests.swift in Sources */ = {isa = PBXBuildFile; fileRef = BF7876081DA5DFFF0009BDA2 /* StodoKitTests.swift */; };
		BF78760D1DA5E09C0009BDA2 /* Errors.swift in Sources */ = {isa = PBXBuildFile; fileRef = BF78760C1DA5E09C0009BDA2 /* Errors.swift */; };
		BFC594B31DA7146A00F6D7DF /* Nimble.framework in Frameworks */ = {isa = PBXBuildFile; fileRef = BFC594B11DA7146A00F6D7DF /* Nimble.framework */; };
		BFC594B41DA7146A00F6D7DF /* Quick.framework in Frameworks */ = {isa = PBXBuildFile; fileRef = BFC594B21DA7146A00F6D7DF /* Quick.framework */; };
		BFC594BB1DA71D1D00F6D7DF /* Nimble.framework in CopyFiles */ = {isa = PBXBuildFile; fileRef = BFC594B11DA7146A00F6D7DF /* Nimble.framework */; settings = {ATTRIBUTES = (CodeSignOnCopy, RemoveHeadersOnCopy, ); }; };
		BFC594BC1DA71D1D00F6D7DF /* Quick.framework in CopyFiles */ = {isa = PBXBuildFile; fileRef = BFC594B21DA7146A00F6D7DF /* Quick.framework */; settings = {ATTRIBUTES = (CodeSignOnCopy, RemoveHeadersOnCopy, ); }; };
		BFC594BD1DA71D1D00F6D7DF /* Commandant.framework in CopyFiles */ = {isa = PBXBuildFile; fileRef = BF7875B71DA5B3700009BDA2 /* Commandant.framework */; settings = {ATTRIBUTES = (CodeSignOnCopy, RemoveHeadersOnCopy, ); }; };
		BFC594BE1DA71D1D00F6D7DF /* Result.framework in CopyFiles */ = {isa = PBXBuildFile; fileRef = BF7875B81DA5B3700009BDA2 /* Result.framework */; settings = {ATTRIBUTES = (CodeSignOnCopy, RemoveHeadersOnCopy, ); }; };
/* End PBXBuildFile section */

/* Begin PBXContainerItemProxy section */
		BF7875A21DA5B2950009BDA2 /* PBXContainerItemProxy */ = {
			isa = PBXContainerItemProxy;
			containerPortal = BF78757B1DA5B2650009BDA2 /* Project object */;
			proxyType = 1;
			remoteGlobalIDString = BF7875971DA5B2950009BDA2;
			remoteInfo = StodoKit;
		};
		BF7875A41DA5B2950009BDA2 /* PBXContainerItemProxy */ = {
			isa = PBXContainerItemProxy;
			containerPortal = BF78757B1DA5B2650009BDA2 /* Project object */;
			proxyType = 1;
			remoteGlobalIDString = BF7875821DA5B2650009BDA2;
			remoteInfo = stodo;
		};
		BF7875AB1DA5B2950009BDA2 /* PBXContainerItemProxy */ = {
			isa = PBXContainerItemProxy;
			containerPortal = BF78757B1DA5B2650009BDA2 /* Project object */;
			proxyType = 1;
			remoteGlobalIDString = BF7875971DA5B2950009BDA2;
			remoteInfo = StodoKit;
		};
/* End PBXContainerItemProxy section */

/* Begin PBXCopyFilesBuildPhase section */
		BF044E081DA8FE190070F2BD /* CopyFiles */ = {
			isa = PBXCopyFilesBuildPhase;
			buildActionMask = 2147483647;
			dstPath = "";
			dstSubfolderSpec = 10;
			files = (
				BF044E091DA8FE2B0070F2BD /* Commandant.framework in CopyFiles */,
				BF044E0A1DA8FE2B0070F2BD /* Result.framework in CopyFiles */,
			);
			runOnlyForDeploymentPostprocessing = 0;
		};
		BF7875B21DA5B2950009BDA2 /* Embed Frameworks */ = {
			isa = PBXCopyFilesBuildPhase;
			buildActionMask = 2147483647;
			dstPath = "";
			dstSubfolderSpec = 10;
			files = (
				BF7875AE1DA5B2950009BDA2 /* StodoKit.framework in Embed Frameworks */,
			);
			name = "Embed Frameworks";
			runOnlyForDeploymentPostprocessing = 0;
		};
		BFC594BA1DA71D1200F6D7DF /* CopyFiles */ = {
			isa = PBXCopyFilesBuildPhase;
			buildActionMask = 2147483647;
			dstPath = "";
			dstSubfolderSpec = 10;
			files = (
				BFC594BB1DA71D1D00F6D7DF /* Nimble.framework in CopyFiles */,
				BFC594BC1DA71D1D00F6D7DF /* Quick.framework in CopyFiles */,
				BFC594BD1DA71D1D00F6D7DF /* Commandant.framework in CopyFiles */,
				BFC594BE1DA71D1D00F6D7DF /* Result.framework in CopyFiles */,
			);
			runOnlyForDeploymentPostprocessing = 0;
		};
/* End PBXCopyFilesBuildPhase section */

/* Begin PBXFileReference section */
		BF044E101DA91A430070F2BD /* Move.swift */ = {isa = PBXFileReference; fileEncoding = 4; lastKnownFileType = sourcecode.swift; name = Move.swift; path = Source/stodo/Commands/Move.swift; sourceTree = SOURCE_ROOT; };
		BF044E111DA91A430070F2BD /* Rename.swift */ = {isa = PBXFileReference; fileEncoding = 4; lastKnownFileType = sourcecode.swift; name = Rename.swift; path = Source/stodo/Commands/Rename.swift; sourceTree = SOURCE_ROOT; };
		BF044E121DA91A430070F2BD /* Reset.swift */ = {isa = PBXFileReference; fileEncoding = 4; lastKnownFileType = sourcecode.swift; name = Reset.swift; path = Source/stodo/Commands/Reset.swift; sourceTree = SOURCE_ROOT; };
		BF7875831DA5B2650009BDA2 /* stodo.app */ = {isa = PBXFileReference; explicitFileType = wrapper.application; includeInIndex = 0; path = stodo.app; sourceTree = BUILT_PRODUCTS_DIR; };
		BF7875981DA5B2950009BDA2 /* StodoKit.framework */ = {isa = PBXFileReference; explicitFileType = wrapper.framework; includeInIndex = 0; path = StodoKit.framework; sourceTree = BUILT_PRODUCTS_DIR; };
		BF7875A01DA5B2950009BDA2 /* StodoKitTests.xctest */ = {isa = PBXFileReference; explicitFileType = wrapper.cfbundle; includeInIndex = 0; path = StodoKitTests.xctest; sourceTree = BUILT_PRODUCTS_DIR; };
		BF7875B71DA5B3700009BDA2 /* Commandant.framework */ = {isa = PBXFileReference; lastKnownFileType = wrapper.framework; name = Commandant.framework; path = Carthage/Build/Mac/Commandant.framework; sourceTree = "<group>"; };
		BF7875B81DA5B3700009BDA2 /* Result.framework */ = {isa = PBXFileReference; lastKnownFileType = wrapper.framework; name = Result.framework; path = Carthage/Build/Mac/Result.framework; sourceTree = "<group>"; };
		BF7875E91DA5DFD60009BDA2 /* Add.swift */ = {isa = PBXFileReference; fileEncoding = 4; lastKnownFileType = sourcecode.swift; name = Add.swift; path = Source/stodo/Commands/Add.swift; sourceTree = SOURCE_ROOT; };
		BF7875EA1DA5DFD60009BDA2 /* Delete.swift */ = {isa = PBXFileReference; fileEncoding = 4; lastKnownFileType = sourcecode.swift; name = Delete.swift; path = Source/stodo/Commands/Delete.swift; sourceTree = SOURCE_ROOT; };
		BF7875EB1DA5DFD60009BDA2 /* Done.swift */ = {isa = PBXFileReference; fileEncoding = 4; lastKnownFileType = sourcecode.swift; name = Done.swift; path = Source/stodo/Commands/Done.swift; sourceTree = SOURCE_ROOT; };
		BF7875EC1DA5DFD60009BDA2 /* List.swift */ = {isa = PBXFileReference; fileEncoding = 4; lastKnownFileType = sourcecode.swift; name = List.swift; path = Source/stodo/Commands/List.swift; sourceTree = SOURCE_ROOT; };
		BF7875ED1DA5DFD60009BDA2 /* Undone.swift */ = {isa = PBXFileReference; fileEncoding = 4; lastKnownFileType = sourcecode.swift; name = Undone.swift; path = Source/stodo/Commands/Undone.swift; sourceTree = SOURCE_ROOT; };
		BF7875EE1DA5DFD60009BDA2 /* Version.swift */ = {isa = PBXFileReference; fileEncoding = 4; lastKnownFileType = sourcecode.swift; name = Version.swift; path = Source/stodo/Commands/Version.swift; sourceTree = SOURCE_ROOT; };
		BF7875F51DA5DFDF0009BDA2 /* Components.plist */ = {isa = PBXFileReference; fileEncoding = 4; lastKnownFileType = text.plist.xml; name = Components.plist; path = Source/stodo/Components.plist; sourceTree = SOURCE_ROOT; };
		BF7875F71DA5DFDF0009BDA2 /* Info.plist */ = {isa = PBXFileReference; fileEncoding = 4; lastKnownFileType = text.plist.xml; name = Info.plist; path = Source/stodo/Info.plist; sourceTree = SOURCE_ROOT; };
		BF7875F81DA5DFDF0009BDA2 /* main.swift */ = {isa = PBXFileReference; fileEncoding = 4; lastKnownFileType = sourcecode.swift; name = main.swift; path = Source/stodo/main.swift; sourceTree = SOURCE_ROOT; };
		BF7875FD1DA5DFF30009BDA2 /* FileType.swift */ = {isa = PBXFileReference; fileEncoding = 4; lastKnownFileType = sourcecode.swift; name = FileType.swift; path = Source/StodoKit/FileType.swift; sourceTree = SOURCE_ROOT; };
		BF7875FE1DA5DFF30009BDA2 /* Info.plist */ = {isa = PBXFileReference; fileEncoding = 4; lastKnownFileType = text.plist.xml; name = Info.plist; path = Source/StodoKit/Info.plist; sourceTree = SOURCE_ROOT; };
		BF7875FF1DA5DFF30009BDA2 /* KeyedArchiver.swift */ = {isa = PBXFileReference; fileEncoding = 4; lastKnownFileType = sourcecode.swift; name = KeyedArchiver.swift; path = Source/StodoKit/KeyedArchiver.swift; sourceTree = SOURCE_ROOT; };
		BF7876001DA5DFF30009BDA2 /* Stodo.swift */ = {isa = PBXFileReference; fileEncoding = 4; lastKnownFileType = sourcecode.swift; name = Stodo.swift; path = Source/StodoKit/Stodo.swift; sourceTree = SOURCE_ROOT; };
		BF7876011DA5DFF30009BDA2 /* StodoKit.h */ = {isa = PBXFileReference; fileEncoding = 4; lastKnownFileType = sourcecode.c.h; name = StodoKit.h; path = Source/StodoKit/StodoKit.h; sourceTree = SOURCE_ROOT; };
		BF7876071DA5DFFF0009BDA2 /* Info.plist */ = {isa = PBXFileReference; fileEncoding = 4; lastKnownFileType = text.plist.xml; name = Info.plist; path = Source/StodoKitTests/Info.plist; sourceTree = SOURCE_ROOT; };
		BF7876081DA5DFFF0009BDA2 /* StodoKitTests.swift */ = {isa = PBXFileReference; fileEncoding = 4; lastKnownFileType = sourcecode.swift; name = StodoKitTests.swift; path = Source/StodoKitTests/StodoKitTests.swift; sourceTree = SOURCE_ROOT; };
		BF78760C1DA5E09C0009BDA2 /* Errors.swift */ = {isa = PBXFileReference; fileEncoding = 4; lastKnownFileType = sourcecode.swift; name = Errors.swift; path = Source/StodoKit/Errors.swift; sourceTree = SOURCE_ROOT; };
		BFC594B11DA7146A00F6D7DF /* Nimble.framework */ = {isa = PBXFileReference; lastKnownFileType = wrapper.framework; name = Nimble.framework; path = Carthage/Build/Mac/Nimble.framework; sourceTree = "<group>"; };
		BFC594B21DA7146A00F6D7DF /* Quick.framework */ = {isa = PBXFileReference; lastKnownFileType = wrapper.framework; name = Quick.framework; path = Carthage/Build/Mac/Quick.framework; sourceTree = "<group>"; };
/* End PBXFileReference section */

/* Begin PBXFrameworksBuildPhase section */
		BF7875801DA5B2650009BDA2 /* Frameworks */ = {
			isa = PBXFrameworksBuildPhase;
			buildActionMask = 2147483647;
			files = (
				BF7875AD1DA5B2950009BDA2 /* StodoKit.framework in Frameworks */,
			);
			runOnlyForDeploymentPostprocessing = 0;
		};
		BF7875941DA5B2950009BDA2 /* Frameworks */ = {
			isa = PBXFrameworksBuildPhase;
			buildActionMask = 2147483647;
			files = (
				BF7875B91DA5B3700009BDA2 /* Commandant.framework in Frameworks */,
				BF7875BA1DA5B3700009BDA2 /* Result.framework in Frameworks */,
			);
			runOnlyForDeploymentPostprocessing = 0;
		};
		BF78759D1DA5B2950009BDA2 /* Frameworks */ = {
			isa = PBXFrameworksBuildPhase;
			buildActionMask = 2147483647;
			files = (
				BF7875A11DA5B2950009BDA2 /* StodoKit.framework in Frameworks */,
				BFC594B31DA7146A00F6D7DF /* Nimble.framework in Frameworks */,
				BFC594B41DA7146A00F6D7DF /* Quick.framework in Frameworks */,
			);
			runOnlyForDeploymentPostprocessing = 0;
		};
/* End PBXFrameworksBuildPhase section */

/* Begin PBXGroup section */
		BF78757A1DA5B2650009BDA2 = {
			isa = PBXGroup;
			children = (
				BF7875851DA5B2650009BDA2 /* stodo */,
				BF7875991DA5B2950009BDA2 /* StodoKit */,
				BF7875A61DA5B2950009BDA2 /* StodoKitTests */,
				BF7875841DA5B2650009BDA2 /* Products */,
				BF7875B61DA5B3700009BDA2 /* Frameworks */,
			);
			sourceTree = "<group>";
		};
		BF7875841DA5B2650009BDA2 /* Products */ = {
			isa = PBXGroup;
			children = (
				BF7875831DA5B2650009BDA2 /* stodo.app */,
				BF7875981DA5B2950009BDA2 /* StodoKit.framework */,
				BF7875A01DA5B2950009BDA2 /* StodoKitTests.xctest */,
			);
			name = Products;
			sourceTree = "<group>";
		};
		BF7875851DA5B2650009BDA2 /* stodo */ = {
			isa = PBXGroup;
			children = (
				BF7875F81DA5DFDF0009BDA2 /* main.swift */,
				BF7875C21DA5B8DF0009BDA2 /* Commands */,
				BF7875F51DA5DFDF0009BDA2 /* Components.plist */,
				BF7875F71DA5DFDF0009BDA2 /* Info.plist */,
			);
			path = stodo;
			sourceTree = "<group>";
		};
		BF7875991DA5B2950009BDA2 /* StodoKit */ = {
			isa = PBXGroup;
			children = (
				BF78760C1DA5E09C0009BDA2 /* Errors.swift */,
				BF7875FD1DA5DFF30009BDA2 /* FileType.swift */,
				BF7875FF1DA5DFF30009BDA2 /* KeyedArchiver.swift */,
				BF7876001DA5DFF30009BDA2 /* Stodo.swift */,
				BF7876011DA5DFF30009BDA2 /* StodoKit.h */,
				BF7875FE1DA5DFF30009BDA2 /* Info.plist */,
			);
			path = StodoKit;
			sourceTree = "<group>";
		};
		BF7875A61DA5B2950009BDA2 /* StodoKitTests */ = {
			isa = PBXGroup;
			children = (
				BF7876071DA5DFFF0009BDA2 /* Info.plist */,
				BF7876081DA5DFFF0009BDA2 /* StodoKitTests.swift */,
			);
			path = StodoKitTests;
			sourceTree = "<group>";
		};
		BF7875B61DA5B3700009BDA2 /* Frameworks */ = {
			isa = PBXGroup;
			children = (
				BFC594B11DA7146A00F6D7DF /* Nimble.framework */,
				BFC594B21DA7146A00F6D7DF /* Quick.framework */,
				BF7875B71DA5B3700009BDA2 /* Commandant.framework */,
				BF7875B81DA5B3700009BDA2 /* Result.framework */,
			);
			name = Frameworks;
			sourceTree = "<group>";
		};
		BF7875C21DA5B8DF0009BDA2 /* Commands */ = {
			isa = PBXGroup;
			children = (
				BF7875E91DA5DFD60009BDA2 /* Add.swift */,
				BF7875EA1DA5DFD60009BDA2 /* Delete.swift */,
				BF7875EB1DA5DFD60009BDA2 /* Done.swift */,
				BF7875EC1DA5DFD60009BDA2 /* List.swift */,
				BF044E101DA91A430070F2BD /* Move.swift */,
				BF044E111DA91A430070F2BD /* Rename.swift */,
				BF044E121DA91A430070F2BD /* Reset.swift */,
				BF7875ED1DA5DFD60009BDA2 /* Undone.swift */,
				BF7875EE1DA5DFD60009BDA2 /* Version.swift */,
			);
			name = Commands;
			sourceTree = "<group>";
		};
/* End PBXGroup section */

/* Begin PBXHeadersBuildPhase section */
		BF7875951DA5B2950009BDA2 /* Headers */ = {
			isa = PBXHeadersBuildPhase;
			buildActionMask = 2147483647;
			files = (
			);
			runOnlyForDeploymentPostprocessing = 0;
		};
/* End PBXHeadersBuildPhase section */

/* Begin PBXNativeTarget section */
		BF7875821DA5B2650009BDA2 /* stodo */ = {
			isa = PBXNativeTarget;
			buildConfigurationList = BF7875901DA5B2650009BDA2 /* Build configuration list for PBXNativeTarget "stodo" */;
			buildPhases = (
				BF78757F1DA5B2650009BDA2 /* Sources */,
				BF7875801DA5B2650009BDA2 /* Frameworks */,
				BF7875811DA5B2650009BDA2 /* Resources */,
				BF7875B21DA5B2950009BDA2 /* Embed Frameworks */,
				BF7875C11DA5B6630009BDA2 /* carthage copy-frameworks */,
				BF7875E81DA5DE7B0009BDA2 /* Run SwiftLint */,
			);
			buildRules = (
			);
			dependencies = (
				BF7875AC1DA5B2950009BDA2 /* PBXTargetDependency */,
			);
			name = stodo;
			productName = stodo;
			productReference = BF7875831DA5B2650009BDA2 /* stodo.app */;
			productType = "com.apple.product-type.application";
		};
		BF7875971DA5B2950009BDA2 /* StodoKit */ = {
			isa = PBXNativeTarget;
			buildConfigurationList = BF7875AF1DA5B2950009BDA2 /* Build configuration list for PBXNativeTarget "StodoKit" */;
			buildPhases = (
				BF7875931DA5B2950009BDA2 /* Sources */,
				BF044E081DA8FE190070F2BD /* CopyFiles */,
				BF7875941DA5B2950009BDA2 /* Frameworks */,
				BF7875951DA5B2950009BDA2 /* Headers */,
				BF7875961DA5B2950009BDA2 /* Resources */,
				BF7875C01DA5B5740009BDA2 /* carthage copy-frameworks */,
			);
			buildRules = (
			);
			dependencies = (
			);
			name = StodoKit;
			productName = StodoKit;
			productReference = BF7875981DA5B2950009BDA2 /* StodoKit.framework */;
			productType = "com.apple.product-type.framework";
		};
		BF78759F1DA5B2950009BDA2 /* StodoKitTests */ = {
			isa = PBXNativeTarget;
			buildConfigurationList = BF7875B31DA5B2950009BDA2 /* Build configuration list for PBXNativeTarget "StodoKitTests" */;
			buildPhases = (
				BF78759C1DA5B2950009BDA2 /* Sources */,
				BFC594BA1DA71D1200F6D7DF /* CopyFiles */,
				BF78759D1DA5B2950009BDA2 /* Frameworks */,
				BF78759E1DA5B2950009BDA2 /* Resources */,
				BFC594B61DA7199E00F6D7DF /* carthage copy-frameworks */,
			);
			buildRules = (
			);
			dependencies = (
				BF7875A31DA5B2950009BDA2 /* PBXTargetDependency */,
				BF7875A51DA5B2950009BDA2 /* PBXTargetDependency */,
			);
			name = StodoKitTests;
			productName = StodoKitTests;
			productReference = BF7875A01DA5B2950009BDA2 /* StodoKitTests.xctest */;
			productType = "com.apple.product-type.bundle.unit-test";
		};
/* End PBXNativeTarget section */

/* Begin PBXProject section */
		BF78757B1DA5B2650009BDA2 /* Project object */ = {
			isa = PBXProject;
			attributes = {
				LastSwiftUpdateCheck = 0800;
				LastUpgradeCheck = 0800;
				ORGANIZATIONNAME = "Hiroki Nagasawa";
				TargetAttributes = {
					BF7875821DA5B2650009BDA2 = {
						CreatedOnToolsVersion = 8.0;
						DevelopmentTeam = MGYF33XF8F;
						LastSwiftMigration = 0800;
						ProvisioningStyle = Manual;
					};
					BF7875971DA5B2950009BDA2 = {
						CreatedOnToolsVersion = 8.0;
						DevelopmentTeam = MGYF33XF8F;
						LastSwiftMigration = 0800;
						ProvisioningStyle = Manual;
					};
					BF78759F1DA5B2950009BDA2 = {
						CreatedOnToolsVersion = 8.0;
						DevelopmentTeam = MGYF33XF8F;
						ProvisioningStyle = Manual;
					};
				};
			};
			buildConfigurationList = BF78757E1DA5B2650009BDA2 /* Build configuration list for PBXProject "stodo" */;
			compatibilityVersion = "Xcode 3.2";
			developmentRegion = English;
			hasScannedForEncodings = 0;
			knownRegions = (
				en,
				Base,
			);
			mainGroup = BF78757A1DA5B2650009BDA2;
			productRefGroup = BF7875841DA5B2650009BDA2 /* Products */;
			projectDirPath = "";
			projectRoot = "";
			targets = (
				BF7875821DA5B2650009BDA2 /* stodo */,
				BF7875971DA5B2950009BDA2 /* StodoKit */,
				BF78759F1DA5B2950009BDA2 /* StodoKitTests */,
			);
		};
/* End PBXProject section */

/* Begin PBXResourcesBuildPhase section */
		BF7875811DA5B2650009BDA2 /* Resources */ = {
			isa = PBXResourcesBuildPhase;
			buildActionMask = 2147483647;
			files = (
				BF7875F91DA5DFDF0009BDA2 /* Components.plist in Resources */,
			);
			runOnlyForDeploymentPostprocessing = 0;
		};
		BF7875961DA5B2950009BDA2 /* Resources */ = {
			isa = PBXResourcesBuildPhase;
			buildActionMask = 2147483647;
			files = (
			);
			runOnlyForDeploymentPostprocessing = 0;
		};
		BF78759E1DA5B2950009BDA2 /* Resources */ = {
			isa = PBXResourcesBuildPhase;
			buildActionMask = 2147483647;
			files = (
			);
			runOnlyForDeploymentPostprocessing = 0;
		};
/* End PBXResourcesBuildPhase section */

/* Begin PBXShellScriptBuildPhase section */
		BF7875C01DA5B5740009BDA2 /* carthage copy-frameworks */ = {
			isa = PBXShellScriptBuildPhase;
			buildActionMask = 2147483647;
			files = (
			);
			inputPaths = (
				"$(SRCROOT)/Carthage/Build/Mac/Commandant.framework",
				"$(SRCROOT)/Carthage/Build/Mac/Result.framework",
			);
			name = "carthage copy-frameworks";
			outputPaths = (
			);
			runOnlyForDeploymentPostprocessing = 0;
			shellPath = /bin/sh;
			shellScript = "/usr/local/bin/carthage copy-frameworks\n";
		};
		BF7875C11DA5B6630009BDA2 /* carthage copy-frameworks */ = {
			isa = PBXShellScriptBuildPhase;
			buildActionMask = 2147483647;
			files = (
			);
			inputPaths = (
				"$(SRCROOT)/Carthage/Build/Mac/Commandant.framework",
				"$(SRCROOT)/Carthage/Build/Mac/Result.framework",
			);
			name = "carthage copy-frameworks";
			outputPaths = (
			);
			runOnlyForDeploymentPostprocessing = 0;
			shellPath = /bin/sh;
			shellScript = "/usr/local/bin/carthage copy-frameworks";
		};
		BF7875E81DA5DE7B0009BDA2 /* Run SwiftLint */ = {
			isa = PBXShellScriptBuildPhase;
			buildActionMask = 2147483647;
			files = (
			);
			inputPaths = (
			);
			name = "Run SwiftLint";
			outputPaths = (
			);
			runOnlyForDeploymentPostprocessing = 0;
			shellPath = /bin/sh;
			shellScript = "if which swiftlint >/dev/null; then\n    swiftlint\nelse\n    echo \"warning: SwiftLint not installed, download from https://github.com/realm/SwiftLint\"\nfi";
		};
		BFC594B61DA7199E00F6D7DF /* carthage copy-frameworks */ = {
			isa = PBXShellScriptBuildPhase;
			buildActionMask = 2147483647;
			files = (
			);
			inputPaths = (
				"$(SRCROOT)/Carthage/Build/Mac/Quick.framework",
				"$(SRCROOT)/Carthage/Build/Mac/Nimble.framework",
			);
			name = "carthage copy-frameworks";
			outputPaths = (
			);
			runOnlyForDeploymentPostprocessing = 0;
			shellPath = /bin/sh;
			shellScript = "/usr/local/bin/carthage copy-frameworks\n";
		};
/* End PBXShellScriptBuildPhase section */

/* Begin PBXSourcesBuildPhase section */
		BF78757F1DA5B2650009BDA2 /* Sources */ = {
			isa = PBXSourcesBuildPhase;
			buildActionMask = 2147483647;
			files = (
				BF7875F31DA5DFD60009BDA2 /* Undone.swift in Sources */,
				BF7875F11DA5DFD60009BDA2 /* Done.swift in Sources */,
				BF7875F41DA5DFD60009BDA2 /* Version.swift in Sources */,
				BF044E141DA91A430070F2BD /* Rename.swift in Sources */,
				BF7875F01DA5DFD60009BDA2 /* Delete.swift in Sources */,
				BF7875F21DA5DFD60009BDA2 /* List.swift in Sources */,
				BF7875FC1DA5DFDF0009BDA2 /* main.swift in Sources */,
				BF7875EF1DA5DFD60009BDA2 /* Add.swift in Sources */,
				BF044E151DA91A430070F2BD /* Reset.swift in Sources */,
				BF044E131DA91A430070F2BD /* Move.swift in Sources */,
			);
			runOnlyForDeploymentPostprocessing = 0;
		};
		BF7875931DA5B2950009BDA2 /* Sources */ = {
			isa = PBXSourcesBuildPhase;
			buildActionMask = 2147483647;
			files = (
				BF78760D1DA5E09C0009BDA2 /* Errors.swift in Sources */,
				BF7876041DA5DFF30009BDA2 /* KeyedArchiver.swift in Sources */,
				BF7876051DA5DFF30009BDA2 /* Stodo.swift in Sources */,
				BF7876021DA5DFF30009BDA2 /* FileType.swift in Sources */,
			);
			runOnlyForDeploymentPostprocessing = 0;
		};
		BF78759C1DA5B2950009BDA2 /* Sources */ = {
			isa = PBXSourcesBuildPhase;
			buildActionMask = 2147483647;
			files = (
				BF78760A1DA5DFFF0009BDA2 /* StodoKitTests.swift in Sources */,
			);
			runOnlyForDeploymentPostprocessing = 0;
		};
/* End PBXSourcesBuildPhase section */

/* Begin PBXTargetDependency section */
		BF7875A31DA5B2950009BDA2 /* PBXTargetDependency */ = {
			isa = PBXTargetDependency;
			target = BF7875971DA5B2950009BDA2 /* StodoKit */;
			targetProxy = BF7875A21DA5B2950009BDA2 /* PBXContainerItemProxy */;
		};
		BF7875A51DA5B2950009BDA2 /* PBXTargetDependency */ = {
			isa = PBXTargetDependency;
			target = BF7875821DA5B2650009BDA2 /* stodo */;
			targetProxy = BF7875A41DA5B2950009BDA2 /* PBXContainerItemProxy */;
		};
		BF7875AC1DA5B2950009BDA2 /* PBXTargetDependency */ = {
			isa = PBXTargetDependency;
			target = BF7875971DA5B2950009BDA2 /* StodoKit */;
			targetProxy = BF7875AB1DA5B2950009BDA2 /* PBXContainerItemProxy */;
		};
/* End PBXTargetDependency section */

/* Begin XCBuildConfiguration section */
		BF78758E1DA5B2650009BDA2 /* Debug */ = {
			isa = XCBuildConfiguration;
			buildSettings = {
				ALWAYS_EMBED_SWIFT_STANDARD_LIBRARIES = YES;
				ALWAYS_SEARCH_USER_PATHS = NO;
				CLANG_ANALYZER_NONNULL = YES;
				CLANG_CXX_LANGUAGE_STANDARD = "gnu++0x";
				CLANG_CXX_LIBRARY = "libc++";
				CLANG_ENABLE_MODULES = YES;
				CLANG_ENABLE_OBJC_ARC = YES;
				CLANG_WARN_BOOL_CONVERSION = YES;
				CLANG_WARN_CONSTANT_CONVERSION = YES;
				CLANG_WARN_DIRECT_OBJC_ISA_USAGE = YES_ERROR;
				CLANG_WARN_DOCUMENTATION_COMMENTS = YES;
				CLANG_WARN_EMPTY_BODY = YES;
				CLANG_WARN_ENUM_CONVERSION = YES;
				CLANG_WARN_INFINITE_RECURSION = YES;
				CLANG_WARN_INT_CONVERSION = YES;
				CLANG_WARN_OBJC_ROOT_CLASS = YES_ERROR;
				CLANG_WARN_SUSPICIOUS_MOVES = YES;
				CLANG_WARN_UNREACHABLE_CODE = YES;
				CLANG_WARN__DUPLICATE_METHOD_MATCH = YES;
				CODE_SIGN_IDENTITY = "-";
				COPY_PHASE_STRIP = NO;
				DEBUG_INFORMATION_FORMAT = dwarf;
				ENABLE_STRICT_OBJC_MSGSEND = YES;
				ENABLE_TESTABILITY = YES;
				GCC_C_LANGUAGE_STANDARD = gnu99;
				GCC_DYNAMIC_NO_PIC = NO;
				GCC_NO_COMMON_BLOCKS = YES;
				GCC_OPTIMIZATION_LEVEL = 0;
				GCC_PREPROCESSOR_DEFINITIONS = (
					"DEBUG=1",
					"$(inherited)",
				);
				GCC_WARN_64_TO_32_BIT_CONVERSION = YES;
				GCC_WARN_ABOUT_RETURN_TYPE = YES_ERROR;
				GCC_WARN_UNDECLARED_SELECTOR = YES;
				GCC_WARN_UNINITIALIZED_AUTOS = YES_AGGRESSIVE;
				GCC_WARN_UNUSED_FUNCTION = YES;
				GCC_WARN_UNUSED_VARIABLE = YES;
				MACOSX_DEPLOYMENT_TARGET = 10.11;
				MTL_ENABLE_DEBUG_INFO = YES;
				ONLY_ACTIVE_ARCH = YES;
				SDKROOT = macosx;
				SWIFT_ACTIVE_COMPILATION_CONDITIONS = DEBUG;
				SWIFT_OPTIMIZATION_LEVEL = "-Onone";
			};
			name = Debug;
		};
		BF78758F1DA5B2650009BDA2 /* Release */ = {
			isa = XCBuildConfiguration;
			buildSettings = {
				ALWAYS_EMBED_SWIFT_STANDARD_LIBRARIES = YES;
				ALWAYS_SEARCH_USER_PATHS = NO;
				CLANG_ANALYZER_NONNULL = YES;
				CLANG_CXX_LANGUAGE_STANDARD = "gnu++0x";
				CLANG_CXX_LIBRARY = "libc++";
				CLANG_ENABLE_MODULES = YES;
				CLANG_ENABLE_OBJC_ARC = YES;
				CLANG_WARN_BOOL_CONVERSION = YES;
				CLANG_WARN_CONSTANT_CONVERSION = YES;
				CLANG_WARN_DIRECT_OBJC_ISA_USAGE = YES_ERROR;
				CLANG_WARN_DOCUMENTATION_COMMENTS = YES;
				CLANG_WARN_EMPTY_BODY = YES;
				CLANG_WARN_ENUM_CONVERSION = YES;
				CLANG_WARN_INFINITE_RECURSION = YES;
				CLANG_WARN_INT_CONVERSION = YES;
				CLANG_WARN_OBJC_ROOT_CLASS = YES_ERROR;
				CLANG_WARN_SUSPICIOUS_MOVES = YES;
				CLANG_WARN_UNREACHABLE_CODE = YES;
				CLANG_WARN__DUPLICATE_METHOD_MATCH = YES;
				CODE_SIGN_IDENTITY = "-";
				COPY_PHASE_STRIP = NO;
				DEBUG_INFORMATION_FORMAT = "dwarf-with-dsym";
				ENABLE_NS_ASSERTIONS = NO;
				ENABLE_STRICT_OBJC_MSGSEND = YES;
				GCC_C_LANGUAGE_STANDARD = gnu99;
				GCC_NO_COMMON_BLOCKS = YES;
				GCC_WARN_64_TO_32_BIT_CONVERSION = YES;
				GCC_WARN_ABOUT_RETURN_TYPE = YES_ERROR;
				GCC_WARN_UNDECLARED_SELECTOR = YES;
				GCC_WARN_UNINITIALIZED_AUTOS = YES_AGGRESSIVE;
				GCC_WARN_UNUSED_FUNCTION = YES;
				GCC_WARN_UNUSED_VARIABLE = YES;
				MACOSX_DEPLOYMENT_TARGET = 10.11;
				MTL_ENABLE_DEBUG_INFO = NO;
				SDKROOT = macosx;
				SWIFT_OPTIMIZATION_LEVEL = "-Owholemodule";
			};
			name = Release;
		};
		BF7875911DA5B2650009BDA2 /* Debug */ = {
			isa = XCBuildConfiguration;
			buildSettings = {
				ALWAYS_EMBED_SWIFT_STANDARD_LIBRARIES = YES;
				CLANG_ENABLE_MODULES = YES;
				CODE_SIGN_IDENTITY = "";
				COMBINE_HIDPI_IMAGES = YES;
				DEVELOPMENT_TEAM = MGYF33XF8F;
				FRAMEWORK_SEARCH_PATHS = (
					"$(inherited)",
					"$(PROJECT_DIR)/Carthage/Build/Mac",
				);
				INFOPLIST_FILE = "$(SRCROOT)/Source/stodo/Info.plist";
				LD_RUNPATH_SEARCH_PATHS = "$(inherited) @executable_path/../Frameworks @rpath/../Frameworks /Library/Frameworks /Library/Frameworks/StodoKit.framework/Versions/Current/Frameworks";
				PRODUCT_BUNDLE_IDENTIFIER = com.pixyzehn.stodo;
				PRODUCT_NAME = "$(TARGET_NAME)";
				SWIFT_OPTIMIZATION_LEVEL = "-Onone";
				SWIFT_VERSION = 3.0;
			};
			name = Debug;
		};
		BF7875921DA5B2650009BDA2 /* Release */ = {
			isa = XCBuildConfiguration;
			buildSettings = {
				ALWAYS_EMBED_SWIFT_STANDARD_LIBRARIES = YES;
				CLANG_ENABLE_MODULES = YES;
				CODE_SIGN_IDENTITY = "";
				COMBINE_HIDPI_IMAGES = YES;
				DEVELOPMENT_TEAM = MGYF33XF8F;
				FRAMEWORK_SEARCH_PATHS = (
					"$(inherited)",
					"$(PROJECT_DIR)/Carthage/Build/Mac",
				);
				INFOPLIST_FILE = "$(SRCROOT)/Source/stodo/Info.plist";
				LD_RUNPATH_SEARCH_PATHS = "$(inherited) @executable_path/../Frameworks @rpath/../Frameworks /Library/Frameworks /Library/Frameworks/StodoKit.framework/Versions/Current/Frameworks";
				PRODUCT_BUNDLE_IDENTIFIER = com.pixyzehn.stodo;
				PRODUCT_NAME = "$(TARGET_NAME)";
				SWIFT_VERSION = 3.0;
			};
			name = Release;
		};
		BF7875B01DA5B2950009BDA2 /* Debug */ = {
			isa = XCBuildConfiguration;
			buildSettings = {
				CLANG_ENABLE_MODULES = YES;
				CODE_SIGN_IDENTITY = "";
				COMBINE_HIDPI_IMAGES = YES;
				CURRENT_PROJECT_VERSION = 1;
				DEFINES_MODULE = YES;
				DEVELOPMENT_TEAM = MGYF33XF8F;
				DYLIB_COMPATIBILITY_VERSION = 1;
				DYLIB_CURRENT_VERSION = 1;
				DYLIB_INSTALL_NAME_BASE = "@rpath";
				FRAMEWORK_SEARCH_PATHS = (
					"$(inherited)",
					"$(PROJECT_DIR)/Carthage/Build/Mac",
				);
				FRAMEWORK_VERSION = A;
				INFOPLIST_FILE = "$(SRCROOT)/Source/StodoKit/Info.plist";
				INSTALL_PATH = "$(LOCAL_LIBRARY_DIR)/Frameworks";
				LD_RUNPATH_SEARCH_PATHS = "$(inherited) @executable_path/../Frameworks @loader_path/../Frameworks";
				PRODUCT_BUNDLE_IDENTIFIER = com.pixyzehn.StodoKit;
				PRODUCT_NAME = "$(TARGET_NAME)";
				SKIP_INSTALL = YES;
				SWIFT_OPTIMIZATION_LEVEL = "-Onone";
				SWIFT_VERSION = 3.0;
				VERSIONING_SYSTEM = "apple-generic";
				VERSION_INFO_PREFIX = "";
			};
			name = Debug;
		};
		BF7875B11DA5B2950009BDA2 /* Release */ = {
			isa = XCBuildConfiguration;
			buildSettings = {
				CLANG_ENABLE_MODULES = YES;
				CODE_SIGN_IDENTITY = "";
				COMBINE_HIDPI_IMAGES = YES;
				CURRENT_PROJECT_VERSION = 1;
				DEFINES_MODULE = YES;
				DEVELOPMENT_TEAM = MGYF33XF8F;
				DYLIB_COMPATIBILITY_VERSION = 1;
				DYLIB_CURRENT_VERSION = 1;
				DYLIB_INSTALL_NAME_BASE = "@rpath";
				FRAMEWORK_SEARCH_PATHS = (
					"$(inherited)",
					"$(PROJECT_DIR)/Carthage/Build/Mac",
				);
				FRAMEWORK_VERSION = A;
				INFOPLIST_FILE = "$(SRCROOT)/Source/StodoKit/Info.plist";
				INSTALL_PATH = "$(LOCAL_LIBRARY_DIR)/Frameworks";
				LD_RUNPATH_SEARCH_PATHS = "$(inherited) @executable_path/../Frameworks @loader_path/../Frameworks";
				PRODUCT_BUNDLE_IDENTIFIER = com.pixyzehn.StodoKit;
				PRODUCT_NAME = "$(TARGET_NAME)";
				SKIP_INSTALL = YES;
				SWIFT_VERSION = 3.0;
				VERSIONING_SYSTEM = "apple-generic";
				VERSION_INFO_PREFIX = "";
			};
			name = Release;
		};
		BF7875B41DA5B2950009BDA2 /* Debug */ = {
			isa = XCBuildConfiguration;
			buildSettings = {
				ALWAYS_EMBED_SWIFT_STANDARD_LIBRARIES = YES;
				CODE_SIGN_IDENTITY = "";
				COMBINE_HIDPI_IMAGES = YES;
				DEVELOPMENT_TEAM = MGYF33XF8F;
				FRAMEWORK_SEARCH_PATHS = (
					"$(inherited)",
					"$(PROJECT_DIR)/Carthage/Build/Mac",
				);
				INFOPLIST_FILE = Source/StodoKitTests/Info.plist;
				LD_RUNPATH_SEARCH_PATHS = "$(inherited) @executable_path/../Frameworks @loader_path/../Frameworks";
				ORDER_FILE = "";
				PRODUCT_BUNDLE_IDENTIFIER = com.pixyzehn.StodoKitTests;
				PRODUCT_NAME = "$(TARGET_NAME)";
				SWIFT_VERSION = 3.0;
			};
			name = Debug;
		};
		BF7875B51DA5B2950009BDA2 /* Release */ = {
			isa = XCBuildConfiguration;
			buildSettings = {
				ALWAYS_EMBED_SWIFT_STANDARD_LIBRARIES = YES;
				CODE_SIGN_IDENTITY = "";
				COMBINE_HIDPI_IMAGES = YES;
				DEVELOPMENT_TEAM = MGYF33XF8F;
				FRAMEWORK_SEARCH_PATHS = (
					"$(inherited)",
					"$(PROJECT_DIR)/Carthage/Build/Mac",
				);
				INFOPLIST_FILE = Source/StodoKitTests/Info.plist;
				LD_RUNPATH_SEARCH_PATHS = "$(inherited) @executable_path/../Frameworks @loader_path/../Frameworks";
				ORDER_FILE = "";
				PRODUCT_BUNDLE_IDENTIFIER = com.pixyzehn.StodoKitTests;
				PRODUCT_NAME = "$(TARGET_NAME)";
				SWIFT_VERSION = 3.0;
			};
			name = Release;
		};
/* End XCBuildConfiguration section */

/* Begin XCConfigurationList section */
		BF78757E1DA5B2650009BDA2 /* Build configuration list for PBXProject "stodo" */ = {
			isa = XCConfigurationList;
			buildConfigurations = (
				BF78758E1DA5B2650009BDA2 /* Debug */,
				BF78758F1DA5B2650009BDA2 /* Release */,
			);
			defaultConfigurationIsVisible = 0;
			defaultConfigurationName = Release;
		};
		BF7875901DA5B2650009BDA2 /* Build configuration list for PBXNativeTarget "stodo" */ = {
			isa = XCConfigurationList;
			buildConfigurations = (
				BF7875911DA5B2650009BDA2 /* Debug */,
				BF7875921DA5B2650009BDA2 /* Release */,
			);
			defaultConfigurationIsVisible = 0;
			defaultConfigurationName = Release;
		};
		BF7875AF1DA5B2950009BDA2 /* Build configuration list for PBXNativeTarget "StodoKit" */ = {
			isa = XCConfigurationList;
			buildConfigurations = (
				BF7875B01DA5B2950009BDA2 /* Debug */,
				BF7875B11DA5B2950009BDA2 /* Release */,
			);
			defaultConfigurationIsVisible = 0;
			defaultConfigurationName = Release;
		};
		BF7875B31DA5B2950009BDA2 /* Build configuration list for PBXNativeTarget "StodoKitTests" */ = {
			isa = XCConfigurationList;
			buildConfigurations = (
				BF7875B41DA5B2950009BDA2 /* Debug */,
				BF7875B51DA5B2950009BDA2 /* Release */,
			);
			defaultConfigurationIsVisible = 0;
			defaultConfigurationName = Release;
		};
/* End XCConfigurationList section */
	};
	rootObject = BF78757B1DA5B2650009BDA2 /* Project object */;
}
