// !$*UTF8*$!
{
	archiveVersion = 1;
	classes = {
	};
	objectVersion = 46;
	objects = {

/* Begin PBXBuildFile section */
		BF7875A11DA5B2950009BDA2 /* StodoKit.framework in Frameworks */ = {isa = PBXBuildFile; fileRef = BF7875981DA5B2950009BDA2 /* StodoKit.framework */; };
		BF7875A81DA5B2950009BDA2 /* StodoKitTests.swift in Sources */ = {isa = PBXBuildFile; fileRef = BF7875A71DA5B2950009BDA2 /* StodoKitTests.swift */; };
		BF7875AA1DA5B2950009BDA2 /* StodoKit.h in Headers */ = {isa = PBXBuildFile; fileRef = BF78759A1DA5B2950009BDA2 /* StodoKit.h */; settings = {ATTRIBUTES = (Public, ); }; };
		BF7875AD1DA5B2950009BDA2 /* StodoKit.framework in Frameworks */ = {isa = PBXBuildFile; fileRef = BF7875981DA5B2950009BDA2 /* StodoKit.framework */; };
		BF7875AE1DA5B2950009BDA2 /* StodoKit.framework in Embed Frameworks */ = {isa = PBXBuildFile; fileRef = BF7875981DA5B2950009BDA2 /* StodoKit.framework */; settings = {ATTRIBUTES = (CodeSignOnCopy, RemoveHeadersOnCopy, ); }; };
		BF7875B91DA5B3700009BDA2 /* Commandant.framework in Frameworks */ = {isa = PBXBuildFile; fileRef = BF7875B71DA5B3700009BDA2 /* Commandant.framework */; };
		BF7875BA1DA5B3700009BDA2 /* Result.framework in Frameworks */ = {isa = PBXBuildFile; fileRef = BF7875B81DA5B3700009BDA2 /* Result.framework */; };
		BF7875BC1DA5B3990009BDA2 /* main.swift in Sources */ = {isa = PBXBuildFile; fileRef = BF7875BB1DA5B3990009BDA2 /* main.swift */; };
		BF7875C41DA5B8F40009BDA2 /* List.swift in Sources */ = {isa = PBXBuildFile; fileRef = BF7875C31DA5B8F40009BDA2 /* List.swift */; };
		BF7875D61DA5BBB80009BDA2 /* Add.swift in Sources */ = {isa = PBXBuildFile; fileRef = BF7875D51DA5BBB80009BDA2 /* Add.swift */; };
		BF7875D81DA5BC3E0009BDA2 /* Done.swift in Sources */ = {isa = PBXBuildFile; fileRef = BF7875D71DA5BC3E0009BDA2 /* Done.swift */; };
		BF7875DA1DA5BCC60009BDA2 /* Undone.swift in Sources */ = {isa = PBXBuildFile; fileRef = BF7875D91DA5BCC60009BDA2 /* Undone.swift */; };
		BF7875DC1DA5BD240009BDA2 /* Delete.swift in Sources */ = {isa = PBXBuildFile; fileRef = BF7875DB1DA5BD240009BDA2 /* Delete.swift */; };
		BF7875DE1DA5BD660009BDA2 /* Version.swift in Sources */ = {isa = PBXBuildFile; fileRef = BF7875DD1DA5BD660009BDA2 /* Version.swift */; };
		BF7875E01DA5BDC90009BDA2 /* Stodo.swift in Sources */ = {isa = PBXBuildFile; fileRef = BF7875DF1DA5BDC90009BDA2 /* Stodo.swift */; };
		BF7875E21DA5BDF30009BDA2 /* KeyedArchiver.swift in Sources */ = {isa = PBXBuildFile; fileRef = BF7875E11DA5BDF30009BDA2 /* KeyedArchiver.swift */; };
		BF7875E41DA5BE020009BDA2 /* FileType.swift in Sources */ = {isa = PBXBuildFile; fileRef = BF7875E31DA5BE020009BDA2 /* FileType.swift */; };
		BF7875E51DA5C4370009BDA2 /* Errors.swift in Sources */ = {isa = PBXBuildFile; fileRef = BF7875C51DA5B94F0009BDA2 /* Errors.swift */; };
		BF7875E71DA5CFAA0009BDA2 /* Components.plist in Resources */ = {isa = PBXBuildFile; fileRef = BF7875E61DA5CFAA0009BDA2 /* Components.plist */; };
/* End PBXBuildFile section */

/* Begin PBXContainerItemProxy section */
		BF7875A21DA5B2950009BDA2 /* PBXContainerItemProxy */ = {
			isa = PBXContainerItemProxy;
			containerPortal = BF78757B1DA5B2650009BDA2 /* Project object */;
			proxyType = 1;
			remoteGlobalIDString = BF7875971DA5B2950009BDA2;
			remoteInfo = StodoKit;
		};
		BF7875A41DA5B2950009BDA2 /* PBXContainerItemProxy */ = {
			isa = PBXContainerItemProxy;
			containerPortal = BF78757B1DA5B2650009BDA2 /* Project object */;
			proxyType = 1;
			remoteGlobalIDString = BF7875821DA5B2650009BDA2;
			remoteInfo = stodo;
		};
		BF7875AB1DA5B2950009BDA2 /* PBXContainerItemProxy */ = {
			isa = PBXContainerItemProxy;
			containerPortal = BF78757B1DA5B2650009BDA2 /* Project object */;
			proxyType = 1;
			remoteGlobalIDString = BF7875971DA5B2950009BDA2;
			remoteInfo = StodoKit;
		};
/* End PBXContainerItemProxy section */

/* Begin PBXCopyFilesBuildPhase section */
		BF7875B21DA5B2950009BDA2 /* Embed Frameworks */ = {
			isa = PBXCopyFilesBuildPhase;
			buildActionMask = 2147483647;
			dstPath = "";
			dstSubfolderSpec = 10;
			files = (
				BF7875AE1DA5B2950009BDA2 /* StodoKit.framework in Embed Frameworks */,
			);
			name = "Embed Frameworks";
			runOnlyForDeploymentPostprocessing = 0;
		};
/* End PBXCopyFilesBuildPhase section */

/* Begin PBXFileReference section */
		BF7875831DA5B2650009BDA2 /* stodo.app */ = {isa = PBXFileReference; explicitFileType = wrapper.application; includeInIndex = 0; path = stodo.app; sourceTree = BUILT_PRODUCTS_DIR; };
		BF78758D1DA5B2650009BDA2 /* Info.plist */ = {isa = PBXFileReference; lastKnownFileType = text.plist.xml; path = Info.plist; sourceTree = "<group>"; };
		BF7875981DA5B2950009BDA2 /* StodoKit.framework */ = {isa = PBXFileReference; explicitFileType = wrapper.framework; includeInIndex = 0; path = StodoKit.framework; sourceTree = BUILT_PRODUCTS_DIR; };
		BF78759A1DA5B2950009BDA2 /* StodoKit.h */ = {isa = PBXFileReference; lastKnownFileType = sourcecode.c.h; path = StodoKit.h; sourceTree = "<group>"; };
		BF78759B1DA5B2950009BDA2 /* Info.plist */ = {isa = PBXFileReference; lastKnownFileType = text.plist.xml; path = Info.plist; sourceTree = "<group>"; };
		BF7875A01DA5B2950009BDA2 /* StodoKitTests.xctest */ = {isa = PBXFileReference; explicitFileType = wrapper.cfbundle; includeInIndex = 0; path = StodoKitTests.xctest; sourceTree = BUILT_PRODUCTS_DIR; };
		BF7875A71DA5B2950009BDA2 /* StodoKitTests.swift */ = {isa = PBXFileReference; lastKnownFileType = sourcecode.swift; path = StodoKitTests.swift; sourceTree = "<group>"; };
		BF7875A91DA5B2950009BDA2 /* Info.plist */ = {isa = PBXFileReference; lastKnownFileType = text.plist.xml; path = Info.plist; sourceTree = "<group>"; };
		BF7875B71DA5B3700009BDA2 /* Commandant.framework */ = {isa = PBXFileReference; lastKnownFileType = wrapper.framework; name = Commandant.framework; path = Carthage/Build/Mac/Commandant.framework; sourceTree = "<group>"; };
		BF7875B81DA5B3700009BDA2 /* Result.framework */ = {isa = PBXFileReference; lastKnownFileType = wrapper.framework; name = Result.framework; path = Carthage/Build/Mac/Result.framework; sourceTree = "<group>"; };
		BF7875BB1DA5B3990009BDA2 /* main.swift */ = {isa = PBXFileReference; fileEncoding = 4; lastKnownFileType = sourcecode.swift; path = main.swift; sourceTree = "<group>"; };
		BF7875C31DA5B8F40009BDA2 /* List.swift */ = {isa = PBXFileReference; fileEncoding = 4; lastKnownFileType = sourcecode.swift; path = List.swift; sourceTree = "<group>"; };
		BF7875C51DA5B94F0009BDA2 /* Errors.swift */ = {isa = PBXFileReference; fileEncoding = 4; lastKnownFileType = sourcecode.swift; name = Errors.swift; path = ../stodo/Errors.swift; sourceTree = "<group>"; };
		BF7875D51DA5BBB80009BDA2 /* Add.swift */ = {isa = PBXFileReference; fileEncoding = 4; lastKnownFileType = sourcecode.swift; path = Add.swift; sourceTree = "<group>"; };
		BF7875D71DA5BC3E0009BDA2 /* Done.swift */ = {isa = PBXFileReference; fileEncoding = 4; lastKnownFileType = sourcecode.swift; path = Done.swift; sourceTree = "<group>"; };
		BF7875D91DA5BCC60009BDA2 /* Undone.swift */ = {isa = PBXFileReference; fileEncoding = 4; lastKnownFileType = sourcecode.swift; path = Undone.swift; sourceTree = "<group>"; };
		BF7875DB1DA5BD240009BDA2 /* Delete.swift */ = {isa = PBXFileReference; fileEncoding = 4; lastKnownFileType = sourcecode.swift; path = Delete.swift; sourceTree = "<group>"; };
		BF7875DD1DA5BD660009BDA2 /* Version.swift */ = {isa = PBXFileReference; fileEncoding = 4; lastKnownFileType = sourcecode.swift; path = Version.swift; sourceTree = "<group>"; };
		BF7875DF1DA5BDC90009BDA2 /* Stodo.swift */ = {isa = PBXFileReference; fileEncoding = 4; lastKnownFileType = sourcecode.swift; path = Stodo.swift; sourceTree = "<group>"; };
		BF7875E11DA5BDF30009BDA2 /* KeyedArchiver.swift */ = {isa = PBXFileReference; fileEncoding = 4; lastKnownFileType = sourcecode.swift; path = KeyedArchiver.swift; sourceTree = "<group>"; };
		BF7875E31DA5BE020009BDA2 /* FileType.swift */ = {isa = PBXFileReference; fileEncoding = 4; lastKnownFileType = sourcecode.swift; path = FileType.swift; sourceTree = "<group>"; };
		BF7875E61DA5CFAA0009BDA2 /* Components.plist */ = {isa = PBXFileReference; fileEncoding = 4; lastKnownFileType = text.plist.xml; path = Components.plist; sourceTree = "<group>"; };
/* End PBXFileReference section */

/* Begin PBXFrameworksBuildPhase section */
		BF7875801DA5B2650009BDA2 /* Frameworks */ = {
			isa = PBXFrameworksBuildPhase;
			buildActionMask = 2147483647;
			files = (
				BF7875AD1DA5B2950009BDA2 /* StodoKit.framework in Frameworks */,
			);
			runOnlyForDeploymentPostprocessing = 0;
		};
		BF7875941DA5B2950009BDA2 /* Frameworks */ = {
			isa = PBXFrameworksBuildPhase;
			buildActionMask = 2147483647;
			files = (
				BF7875B91DA5B3700009BDA2 /* Commandant.framework in Frameworks */,
				BF7875BA1DA5B3700009BDA2 /* Result.framework in Frameworks */,
			);
			runOnlyForDeploymentPostprocessing = 0;
		};
		BF78759D1DA5B2950009BDA2 /* Frameworks */ = {
			isa = PBXFrameworksBuildPhase;
			buildActionMask = 2147483647;
			files = (
				BF7875A11DA5B2950009BDA2 /* StodoKit.framework in Frameworks */,
			);
			runOnlyForDeploymentPostprocessing = 0;
		};
/* End PBXFrameworksBuildPhase section */

/* Begin PBXGroup section */
		BF78757A1DA5B2650009BDA2 = {
			isa = PBXGroup;
			children = (
				BF7875851DA5B2650009BDA2 /* stodo */,
				BF7875991DA5B2950009BDA2 /* StodoKit */,
				BF7875A61DA5B2950009BDA2 /* StodoKitTests */,
				BF7875841DA5B2650009BDA2 /* Products */,
				BF7875B61DA5B3700009BDA2 /* Frameworks */,
			);
			sourceTree = "<group>";
		};
		BF7875841DA5B2650009BDA2 /* Products */ = {
			isa = PBXGroup;
			children = (
				BF7875831DA5B2650009BDA2 /* stodo.app */,
				BF7875981DA5B2950009BDA2 /* StodoKit.framework */,
				BF7875A01DA5B2950009BDA2 /* StodoKitTests.xctest */,
			);
			name = Products;
			sourceTree = "<group>";
		};
		BF7875851DA5B2650009BDA2 /* stodo */ = {
			isa = PBXGroup;
			children = (
				BF7875C21DA5B8DF0009BDA2 /* Commands */,
				BF78758D1DA5B2650009BDA2 /* Info.plist */,
				BF7875E61DA5CFAA0009BDA2 /* Components.plist */,
				BF7875BB1DA5B3990009BDA2 /* main.swift */,
			);
			path = stodo;
			sourceTree = "<group>";
		};
		BF7875991DA5B2950009BDA2 /* StodoKit */ = {
			isa = PBXGroup;
			children = (
				BF78759A1DA5B2950009BDA2 /* StodoKit.h */,
				BF78759B1DA5B2950009BDA2 /* Info.plist */,
				BF7875C51DA5B94F0009BDA2 /* Errors.swift */,
				BF7875DF1DA5BDC90009BDA2 /* Stodo.swift */,
				BF7875E11DA5BDF30009BDA2 /* KeyedArchiver.swift */,
				BF7875E31DA5BE020009BDA2 /* FileType.swift */,
			);
			path = StodoKit;
			sourceTree = "<group>";
		};
		BF7875A61DA5B2950009BDA2 /* StodoKitTests */ = {
			isa = PBXGroup;
			children = (
				BF7875A71DA5B2950009BDA2 /* StodoKitTests.swift */,
				BF7875A91DA5B2950009BDA2 /* Info.plist */,
			);
			path = StodoKitTests;
			sourceTree = "<group>";
		};
		BF7875B61DA5B3700009BDA2 /* Frameworks */ = {
			isa = PBXGroup;
			children = (
				BF7875B71DA5B3700009BDA2 /* Commandant.framework */,
				BF7875B81DA5B3700009BDA2 /* Result.framework */,
			);
			name = Frameworks;
			sourceTree = "<group>";
		};
		BF7875C21DA5B8DF0009BDA2 /* Commands */ = {
			isa = PBXGroup;
			children = (
				BF7875C31DA5B8F40009BDA2 /* List.swift */,
				BF7875D51DA5BBB80009BDA2 /* Add.swift */,
				BF7875D71DA5BC3E0009BDA2 /* Done.swift */,
				BF7875D91DA5BCC60009BDA2 /* Undone.swift */,
				BF7875DB1DA5BD240009BDA2 /* Delete.swift */,
				BF7875DD1DA5BD660009BDA2 /* Version.swift */,
			);
			name = Commands;
			sourceTree = "<group>";
		};
/* End PBXGroup section */

/* Begin PBXHeadersBuildPhase section */
		BF7875951DA5B2950009BDA2 /* Headers */ = {
			isa = PBXHeadersBuildPhase;
			buildActionMask = 2147483647;
			files = (
				BF7875AA1DA5B2950009BDA2 /* StodoKit.h in Headers */,
			);
			runOnlyForDeploymentPostprocessing = 0;
		};
/* End PBXHeadersBuildPhase section */

/* Begin PBXNativeTarget section */
		BF7875821DA5B2650009BDA2 /* stodo */ = {
			isa = PBXNativeTarget;
			buildConfigurationList = BF7875901DA5B2650009BDA2 /* Build configuration list for PBXNativeTarget "stodo" */;
			buildPhases = (
				BF78757F1DA5B2650009BDA2 /* Sources */,
				BF7875801DA5B2650009BDA2 /* Frameworks */,
				BF7875811DA5B2650009BDA2 /* Resources */,
				BF7875B21DA5B2950009BDA2 /* Embed Frameworks */,
				BF7875C11DA5B6630009BDA2 /* carthage copy-frameworks */,
			);
			buildRules = (
			);
			dependencies = (
				BF7875AC1DA5B2950009BDA2 /* PBXTargetDependency */,
			);
			name = stodo;
			productName = stodo;
			productReference = BF7875831DA5B2650009BDA2 /* stodo.app */;
			productType = "com.apple.product-type.application";
		};
		BF7875971DA5B2950009BDA2 /* StodoKit */ = {
			isa = PBXNativeTarget;
			buildConfigurationList = BF7875AF1DA5B2950009BDA2 /* Build configuration list for PBXNativeTarget "StodoKit" */;
			buildPhases = (
				BF7875931DA5B2950009BDA2 /* Sources */,
				BF7875941DA5B2950009BDA2 /* Frameworks */,
				BF7875951DA5B2950009BDA2 /* Headers */,
				BF7875961DA5B2950009BDA2 /* Resources */,
				BF7875C01DA5B5740009BDA2 /* carthage copy-frameworks */,
			);
			buildRules = (
			);
			dependencies = (
			);
			name = StodoKit;
			productName = StodoKit;
			productReference = BF7875981DA5B2950009BDA2 /* StodoKit.framework */;
			productType = "com.apple.product-type.framework";
		};
		BF78759F1DA5B2950009BDA2 /* StodoKitTests */ = {
			isa = PBXNativeTarget;
			buildConfigurationList = BF7875B31DA5B2950009BDA2 /* Build configuration list for PBXNativeTarget "StodoKitTests" */;
			buildPhases = (
				BF78759C1DA5B2950009BDA2 /* Sources */,
				BF78759D1DA5B2950009BDA2 /* Frameworks */,
				BF78759E1DA5B2950009BDA2 /* Resources */,
			);
			buildRules = (
			);
			dependencies = (
				BF7875A31DA5B2950009BDA2 /* PBXTargetDependency */,
				BF7875A51DA5B2950009BDA2 /* PBXTargetDependency */,
			);
			name = StodoKitTests;
			productName = StodoKitTests;
			productReference = BF7875A01DA5B2950009BDA2 /* StodoKitTests.xctest */;
			productType = "com.apple.product-type.bundle.unit-test";
		};
/* End PBXNativeTarget section */

/* Begin PBXProject section */
		BF78757B1DA5B2650009BDA2 /* Project object */ = {
			isa = PBXProject;
			attributes = {
				LastSwiftUpdateCheck = 0800;
				LastUpgradeCheck = 0800;
				ORGANIZATIONNAME = "Hiroki Nagasawa";
				TargetAttributes = {
					BF7875821DA5B2650009BDA2 = {
						CreatedOnToolsVersion = 8.0;
						DevelopmentTeam = MGYF33XF8F;
						LastSwiftMigration = 0800;
						ProvisioningStyle = Manual;
					};
					BF7875971DA5B2950009BDA2 = {
						CreatedOnToolsVersion = 8.0;
						DevelopmentTeam = MGYF33XF8F;
						LastSwiftMigration = 0800;
						ProvisioningStyle = Manual;
					};
					BF78759F1DA5B2950009BDA2 = {
						CreatedOnToolsVersion = 8.0;
						DevelopmentTeam = MGYF33XF8F;
						ProvisioningStyle = Automatic;
					};
				};
			};
			buildConfigurationList = BF78757E1DA5B2650009BDA2 /* Build configuration list for PBXProject "stodo" */;
			compatibilityVersion = "Xcode 3.2";
			developmentRegion = English;
			hasScannedForEncodings = 0;
			knownRegions = (
				en,
				Base,
			);
			mainGroup = BF78757A1DA5B2650009BDA2;
			productRefGroup = BF7875841DA5B2650009BDA2 /* Products */;
			projectDirPath = "";
			projectRoot = "";
			targets = (
				BF7875821DA5B2650009BDA2 /* stodo */,
				BF7875971DA5B2950009BDA2 /* StodoKit */,
				BF78759F1DA5B2950009BDA2 /* StodoKitTests */,
			);
		};
/* End PBXProject section */

/* Begin PBXResourcesBuildPhase section */
		BF7875811DA5B2650009BDA2 /* Resources */ = {
			isa = PBXResourcesBuildPhase;
			buildActionMask = 2147483647;
			files = (
				BF7875E71DA5CFAA0009BDA2 /* Components.plist in Resources */,
			);
			runOnlyForDeploymentPostprocessing = 0;
		};
		BF7875961DA5B2950009BDA2 /* Resources */ = {
			isa = PBXResourcesBuildPhase;
			buildActionMask = 2147483647;
			files = (
			);
			runOnlyForDeploymentPostprocessing = 0;
		};
		BF78759E1DA5B2950009BDA2 /* Resources */ = {
			isa = PBXResourcesBuildPhase;
			buildActionMask = 2147483647;
			files = (
			);
			runOnlyForDeploymentPostprocessing = 0;
		};
/* End PBXResourcesBuildPhase section */

/* Begin PBXShellScriptBuildPhase section */
		BF7875C01DA5B5740009BDA2 /* carthage copy-frameworks */ = {
			isa = PBXShellScriptBuildPhase;
			buildActionMask = 2147483647;
			files = (
			);
			inputPaths = (
				"$(SRCROOT)/Carthage/Build/Mac/Commandant.framework",
				"$(SRCROOT)/Carthage/Build/Mac/Result.framework",
			);
			name = "carthage copy-frameworks";
			outputPaths = (
			);
			runOnlyForDeploymentPostprocessing = 0;
			shellPath = /bin/sh;
			shellScript = "/usr/local/bin/carthage copy-frameworks\n";
		};
		BF7875C11DA5B6630009BDA2 /* carthage copy-frameworks */ = {
			isa = PBXShellScriptBuildPhase;
			buildActionMask = 2147483647;
			files = (
			);
			inputPaths = (
				"$(SRCROOT)/Carthage/Build/Mac/Commandant.framework",
				"$(SRCROOT)/Carthage/Build/Mac/Result.framework",
			);
			name = "carthage copy-frameworks";
			outputPaths = (
			);
			runOnlyForDeploymentPostprocessing = 0;
			shellPath = /bin/sh;
			shellScript = "/usr/local/bin/carthage copy-frameworks";
		};
/* End PBXShellScriptBuildPhase section */

/* Begin PBXSourcesBuildPhase section */
		BF78757F1DA5B2650009BDA2 /* Sources */ = {
			isa = PBXSourcesBuildPhase;
			buildActionMask = 2147483647;
			files = (
				BF7875DA1DA5BCC60009BDA2 /* Undone.swift in Sources */,
				BF7875BC1DA5B3990009BDA2 /* main.swift in Sources */,
				BF7875D61DA5BBB80009BDA2 /* Add.swift in Sources */,
				BF7875D81DA5BC3E0009BDA2 /* Done.swift in Sources */,
				BF7875C41DA5B8F40009BDA2 /* List.swift in Sources */,
				BF7875DE1DA5BD660009BDA2 /* Version.swift in Sources */,
				BF7875DC1DA5BD240009BDA2 /* Delete.swift in Sources */,
			);
			runOnlyForDeploymentPostprocessing = 0;
		};
		BF7875931DA5B2950009BDA2 /* Sources */ = {
			isa = PBXSourcesBuildPhase;
			buildActionMask = 2147483647;
			files = (
				BF7875E51DA5C4370009BDA2 /* Errors.swift in Sources */,
				BF7875E21DA5BDF30009BDA2 /* KeyedArchiver.swift in Sources */,
				BF7875E41DA5BE020009BDA2 /* FileType.swift in Sources */,
				BF7875E01DA5BDC90009BDA2 /* Stodo.swift in Sources */,
			);
			runOnlyForDeploymentPostprocessing = 0;
		};
		BF78759C1DA5B2950009BDA2 /* Sources */ = {
			isa = PBXSourcesBuildPhase;
			buildActionMask = 2147483647;
			files = (
				BF7875A81DA5B2950009BDA2 /* StodoKitTests.swift in Sources */,
			);
			runOnlyForDeploymentPostprocessing = 0;
		};
/* End PBXSourcesBuildPhase section */

/* Begin PBXTargetDependency section */
		BF7875A31DA5B2950009BDA2 /* PBXTargetDependency */ = {
			isa = PBXTargetDependency;
			target = BF7875971DA5B2950009BDA2 /* StodoKit */;
			targetProxy = BF7875A21DA5B2950009BDA2 /* PBXContainerItemProxy */;
		};
		BF7875A51DA5B2950009BDA2 /* PBXTargetDependency */ = {
			isa = PBXTargetDependency;
			target = BF7875821DA5B2650009BDA2 /* stodo */;
			targetProxy = BF7875A41DA5B2950009BDA2 /* PBXContainerItemProxy */;
		};
		BF7875AC1DA5B2950009BDA2 /* PBXTargetDependency */ = {
			isa = PBXTargetDependency;
			target = BF7875971DA5B2950009BDA2 /* StodoKit */;
			targetProxy = BF7875AB1DA5B2950009BDA2 /* PBXContainerItemProxy */;
		};
/* End PBXTargetDependency section */

/* Begin XCBuildConfiguration section */
		BF78758E1DA5B2650009BDA2 /* Debug */ = {
			isa = XCBuildConfiguration;
			buildSettings = {
				ALWAYS_EMBED_SWIFT_STANDARD_LIBRARIES = YES;
				ALWAYS_SEARCH_USER_PATHS = NO;
				CLANG_ANALYZER_NONNULL = YES;
				CLANG_CXX_LANGUAGE_STANDARD = "gnu++0x";
				CLANG_CXX_LIBRARY = "libc++";
				CLANG_ENABLE_MODULES = YES;
				CLANG_ENABLE_OBJC_ARC = YES;
				CLANG_WARN_BOOL_CONVERSION = YES;
				CLANG_WARN_CONSTANT_CONVERSION = YES;
				CLANG_WARN_DIRECT_OBJC_ISA_USAGE = YES_ERROR;
				CLANG_WARN_DOCUMENTATION_COMMENTS = YES;
				CLANG_WARN_EMPTY_BODY = YES;
				CLANG_WARN_ENUM_CONVERSION = YES;
				CLANG_WARN_INFINITE_RECURSION = YES;
				CLANG_WARN_INT_CONVERSION = YES;
				CLANG_WARN_OBJC_ROOT_CLASS = YES_ERROR;
				CLANG_WARN_SUSPICIOUS_MOVES = YES;
				CLANG_WARN_UNREACHABLE_CODE = YES;
				CLANG_WARN__DUPLICATE_METHOD_MATCH = YES;
				CODE_SIGN_IDENTITY = "-";
				COPY_PHASE_STRIP = NO;
				DEBUG_INFORMATION_FORMAT = dwarf;
				ENABLE_STRICT_OBJC_MSGSEND = YES;
				ENABLE_TESTABILITY = YES;
				GCC_C_LANGUAGE_STANDARD = gnu99;
				GCC_DYNAMIC_NO_PIC = NO;
				GCC_NO_COMMON_BLOCKS = YES;
				GCC_OPTIMIZATION_LEVEL = 0;
				GCC_PREPROCESSOR_DEFINITIONS = (
					"DEBUG=1",
					"$(inherited)",
				);
				GCC_WARN_64_TO_32_BIT_CONVERSION = YES;
				GCC_WARN_ABOUT_RETURN_TYPE = YES_ERROR;
				GCC_WARN_UNDECLARED_SELECTOR = YES;
				GCC_WARN_UNINITIALIZED_AUTOS = YES_AGGRESSIVE;
				GCC_WARN_UNUSED_FUNCTION = YES;
				GCC_WARN_UNUSED_VARIABLE = YES;
				MACOSX_DEPLOYMENT_TARGET = 10.11;
				MTL_ENABLE_DEBUG_INFO = YES;
				ONLY_ACTIVE_ARCH = YES;
				SDKROOT = macosx;
				SWIFT_ACTIVE_COMPILATION_CONDITIONS = DEBUG;
				SWIFT_OPTIMIZATION_LEVEL = "-Onone";
			};
			name = Debug;
		};
		BF78758F1DA5B2650009BDA2 /* Release */ = {
			isa = XCBuildConfiguration;
			buildSettings = {
				ALWAYS_EMBED_SWIFT_STANDARD_LIBRARIES = YES;
				ALWAYS_SEARCH_USER_PATHS = NO;
				CLANG_ANALYZER_NONNULL = YES;
				CLANG_CXX_LANGUAGE_STANDARD = "gnu++0x";
				CLANG_CXX_LIBRARY = "libc++";
				CLANG_ENABLE_MODULES = YES;
				CLANG_ENABLE_OBJC_ARC = YES;
				CLANG_WARN_BOOL_CONVERSION = YES;
				CLANG_WARN_CONSTANT_CONVERSION = YES;
				CLANG_WARN_DIRECT_OBJC_ISA_USAGE = YES_ERROR;
				CLANG_WARN_DOCUMENTATION_COMMENTS = YES;
				CLANG_WARN_EMPTY_BODY = YES;
				CLANG_WARN_ENUM_CONVERSION = YES;
				CLANG_WARN_INFINITE_RECURSION = YES;
				CLANG_WARN_INT_CONVERSION = YES;
				CLANG_WARN_OBJC_ROOT_CLASS = YES_ERROR;
				CLANG_WARN_SUSPICIOUS_MOVES = YES;
				CLANG_WARN_UNREACHABLE_CODE = YES;
				CLANG_WARN__DUPLICATE_METHOD_MATCH = YES;
				CODE_SIGN_IDENTITY = "-";
				COPY_PHASE_STRIP = NO;
				DEBUG_INFORMATION_FORMAT = "dwarf-with-dsym";
				ENABLE_NS_ASSERTIONS = NO;
				ENABLE_STRICT_OBJC_MSGSEND = YES;
				GCC_C_LANGUAGE_STANDARD = gnu99;
				GCC_NO_COMMON_BLOCKS = YES;
				GCC_WARN_64_TO_32_BIT_CONVERSION = YES;
				GCC_WARN_ABOUT_RETURN_TYPE = YES_ERROR;
				GCC_WARN_UNDECLARED_SELECTOR = YES;
				GCC_WARN_UNINITIALIZED_AUTOS = YES_AGGRESSIVE;
				GCC_WARN_UNUSED_FUNCTION = YES;
				GCC_WARN_UNUSED_VARIABLE = YES;
				MACOSX_DEPLOYMENT_TARGET = 10.11;
				MTL_ENABLE_DEBUG_INFO = NO;
				SDKROOT = macosx;
				SWIFT_OPTIMIZATION_LEVEL = "-Owholemodule";
			};
			name = Release;
		};
		BF7875911DA5B2650009BDA2 /* Debug */ = {
			isa = XCBuildConfiguration;
			buildSettings = {
				ALWAYS_EMBED_SWIFT_STANDARD_LIBRARIES = YES;
				CLANG_ENABLE_MODULES = YES;
				CODE_SIGN_IDENTITY = "Mac Developer";
				COMBINE_HIDPI_IMAGES = YES;
				DEVELOPMENT_TEAM = MGYF33XF8F;
				FRAMEWORK_SEARCH_PATHS = (
					"$(inherited)",
					"$(PROJECT_DIR)/Carthage/Build/Mac",
				);
				INFOPLIST_FILE = stodo/Info.plist;
				LD_RUNPATH_SEARCH_PATHS = "$(inherited) @executable_path/../Frameworks @rpath/../Frameworks /Library/Frameworks /Library/Frameworks/StodoKit.framework/Versions/Current/Frameworks";
				PRODUCT_BUNDLE_IDENTIFIER = com.pixyzehn.stodo;
				PRODUCT_NAME = "$(TARGET_NAME)";
				SWIFT_OPTIMIZATION_LEVEL = "-Onone";
				SWIFT_VERSION = 3.0;
			};
			name = Debug;
		};
		BF7875921DA5B2650009BDA2 /* Release */ = {
			isa = XCBuildConfiguration;
			buildSettings = {
				ALWAYS_EMBED_SWIFT_STANDARD_LIBRARIES = YES;
				CLANG_ENABLE_MODULES = YES;
				CODE_SIGN_IDENTITY = "Mac Developer";
				COMBINE_HIDPI_IMAGES = YES;
				DEVELOPMENT_TEAM = MGYF33XF8F;
				FRAMEWORK_SEARCH_PATHS = (
					"$(inherited)",
					"$(PROJECT_DIR)/Carthage/Build/Mac",
				);
				INFOPLIST_FILE = stodo/Info.plist;
				LD_RUNPATH_SEARCH_PATHS = "$(inherited) @executable_path/../Frameworks @rpath/../Frameworks /Library/Frameworks /Library/Frameworks/StodoKit.framework/Versions/Current/Frameworks";
				PRODUCT_BUNDLE_IDENTIFIER = com.pixyzehn.stodo;
				PRODUCT_NAME = "$(TARGET_NAME)";
				SWIFT_VERSION = 3.0;
			};
			name = Release;
		};
		BF7875B01DA5B2950009BDA2 /* Debug */ = {
			isa = XCBuildConfiguration;
			buildSettings = {
				CLANG_ENABLE_MODULES = YES;
				CODE_SIGN_IDENTITY = "Mac Developer";
				COMBINE_HIDPI_IMAGES = YES;
				CURRENT_PROJECT_VERSION = 1;
				DEFINES_MODULE = YES;
				DEVELOPMENT_TEAM = MGYF33XF8F;
				DYLIB_COMPATIBILITY_VERSION = 1;
				DYLIB_CURRENT_VERSION = 1;
				DYLIB_INSTALL_NAME_BASE = "@rpath";
				FRAMEWORK_SEARCH_PATHS = (
					"$(inherited)",
					"$(PROJECT_DIR)/Carthage/Build/Mac",
				);
				FRAMEWORK_VERSION = A;
				INFOPLIST_FILE = StodoKit/Info.plist;
				INSTALL_PATH = "$(LOCAL_LIBRARY_DIR)/Frameworks";
				LD_RUNPATH_SEARCH_PATHS = "$(inherited) @executable_path/../Frameworks @loader_path/../Frameworks";
				PRODUCT_BUNDLE_IDENTIFIER = com.pixyzehn.StodoKit;
				PRODUCT_NAME = "$(TARGET_NAME)";
				SKIP_INSTALL = YES;
				SWIFT_OPTIMIZATION_LEVEL = "-Onone";
				SWIFT_VERSION = 3.0;
				VERSIONING_SYSTEM = "apple-generic";
				VERSION_INFO_PREFIX = "";
			};
			name = Debug;
		};
		BF7875B11DA5B2950009BDA2 /* Release */ = {
			isa = XCBuildConfiguration;
			buildSettings = {
				CLANG_ENABLE_MODULES = YES;
				CODE_SIGN_IDENTITY = "Mac Developer";
				COMBINE_HIDPI_IMAGES = YES;
				CURRENT_PROJECT_VERSION = 1;
				DEFINES_MODULE = YES;
				DEVELOPMENT_TEAM = MGYF33XF8F;
				DYLIB_COMPATIBILITY_VERSION = 1;
				DYLIB_CURRENT_VERSION = 1;
				DYLIB_INSTALL_NAME_BASE = "@rpath";
				FRAMEWORK_SEARCH_PATHS = (
					"$(inherited)",
					"$(PROJECT_DIR)/Carthage/Build/Mac",
				);
				FRAMEWORK_VERSION = A;
				INFOPLIST_FILE = StodoKit/Info.plist;
				INSTALL_PATH = "$(LOCAL_LIBRARY_DIR)/Frameworks";
				LD_RUNPATH_SEARCH_PATHS = "$(inherited) @executable_path/../Frameworks @loader_path/../Frameworks";
				PRODUCT_BUNDLE_IDENTIFIER = com.pixyzehn.StodoKit;
				PRODUCT_NAME = "$(TARGET_NAME)";
				SKIP_INSTALL = YES;
				SWIFT_VERSION = 3.0;
				VERSIONING_SYSTEM = "apple-generic";
				VERSION_INFO_PREFIX = "";
			};
			name = Release;
		};
		BF7875B41DA5B2950009BDA2 /* Debug */ = {
			isa = XCBuildConfiguration;
			buildSettings = {
				ALWAYS_EMBED_SWIFT_STANDARD_LIBRARIES = YES;
				COMBINE_HIDPI_IMAGES = YES;
				DEVELOPMENT_TEAM = MGYF33XF8F;
				INFOPLIST_FILE = StodoKitTests/Info.plist;
				LD_RUNPATH_SEARCH_PATHS = "$(inherited) @executable_path/../Frameworks @loader_path/../Frameworks";
				PRODUCT_BUNDLE_IDENTIFIER = com.pixyzehn.StodoKitTests;
				PRODUCT_NAME = "$(TARGET_NAME)";
				SWIFT_VERSION = 3.0;
			};
			name = Debug;
		};
		BF7875B51DA5B2950009BDA2 /* Release */ = {
			isa = XCBuildConfiguration;
			buildSettings = {
				ALWAYS_EMBED_SWIFT_STANDARD_LIBRARIES = YES;
				COMBINE_HIDPI_IMAGES = YES;
				DEVELOPMENT_TEAM = MGYF33XF8F;
				INFOPLIST_FILE = StodoKitTests/Info.plist;
				LD_RUNPATH_SEARCH_PATHS = "$(inherited) @executable_path/../Frameworks @loader_path/../Frameworks";
				PRODUCT_BUNDLE_IDENTIFIER = com.pixyzehn.StodoKitTests;
				PRODUCT_NAME = "$(TARGET_NAME)";
				SWIFT_VERSION = 3.0;
			};
			name = Release;
		};
/* End XCBuildConfiguration section */

/* Begin XCConfigurationList section */
		BF78757E1DA5B2650009BDA2 /* Build configuration list for PBXProject "stodo" */ = {
			isa = XCConfigurationList;
			buildConfigurations = (
				BF78758E1DA5B2650009BDA2 /* Debug */,
				BF78758F1DA5B2650009BDA2 /* Release */,
			);
			defaultConfigurationIsVisible = 0;
			defaultConfigurationName = Release;
		};
		BF7875901DA5B2650009BDA2 /* Build configuration list for PBXNativeTarget "stodo" */ = {
			isa = XCConfigurationList;
			buildConfigurations = (
				BF7875911DA5B2650009BDA2 /* Debug */,
				BF7875921DA5B2650009BDA2 /* Release */,
			);
			defaultConfigurationIsVisible = 0;
			defaultConfigurationName = Release;
		};
		BF7875AF1DA5B2950009BDA2 /* Build configuration list for PBXNativeTarget "StodoKit" */ = {
			isa = XCConfigurationList;
			buildConfigurations = (
				BF7875B01DA5B2950009BDA2 /* Debug */,
				BF7875B11DA5B2950009BDA2 /* Release */,
			);
			defaultConfigurationIsVisible = 0;
			defaultConfigurationName = Release;
		};
		BF7875B31DA5B2950009BDA2 /* Build configuration list for PBXNativeTarget "StodoKitTests" */ = {
			isa = XCConfigurationList;
			buildConfigurations = (
				BF7875B41DA5B2950009BDA2 /* Debug */,
				BF7875B51DA5B2950009BDA2 /* Release */,
			);
			defaultConfigurationIsVisible = 0;
			defaultConfigurationName = Release;
		};
/* End XCConfigurationList section */
	};
	rootObject = BF78757B1DA5B2650009BDA2 /* Project object */;
}
